# THIS IS AN AUTOGENERATED FILE. DO NOT EDIT THIS FILE DIRECTLY.
# yarn lockfile v1


min-max-heap@^0.0.1:
  version "0.0.1"
  resolved "http://registry.npm.taobao.org/min-max-heap/download/min-max-heap-0.0.1.tgz#26193c6f860e57a3891a86a6b3a791ff5a84bc72"

nanoq@^1.1.0:
  version "1.1.0"
  resolved "http://registry.npm.taobao.org/nanoq/download/nanoq-1.1.0.tgz#5c9df4a46e595d9e2cdfb5a85343e234162c6325"
